
Microsoft Visual Studio Solution File, Format Version 12.00
# Visual Studio Version 17
VisualStudioVersion = 17.5.002.0
MinimumVisualStudioVersion = 10.0.40219.1
Project("{9A19103F-16F7-4668-BE54-9A1E7A4F7556}") = "copytrade", "copytrade.csproj", "{3B94271B-B4AB-404E-82BB-B1BDF3188A71}"
EndProject
Global
	GlobalSection(SolutionConfigurationPlatforms) = preSolution
		Debug|Any CPU = Debug|Any CPU
		Release|Any CPU = Release|Any CPU
	EndGlobalSection
	GlobalSection(ProjectConfigurationPlatforms) = postSolution
		{3B94271B-B4AB-404E-82BB-B1BDF3188A71}.Debug|Any CPU.ActiveCfg = Debug|Any CPU
		{3B94271B-B4AB-404E-82BB-B1BDF3188A71}.Debug|Any CPU.Build.0 = Debug|Any CPU
		{3B94271B-B4AB-404E-82BB-B1BDF3188A71}.Release|Any CPU.ActiveCfg = Release|Any CPU
		{3B94271B-B4AB-404E-82BB-B1BDF3188A71}.Release|Any CPU.Build.0 = Release|Any CPU
	EndGlobalSection
	GlobalSection(SolutionProperties) = preSolution
		HideSolutionNode = FALSE
	EndGlobalSection
	GlobalSection(ExtensibilityGlobals) = postSolution
		SolutionGuid = {A8BD958B-6A18-4DC0-92F4-89DC9EB556FC}
	EndGlobalSection
EndGlobal
